// !$*UTF8*$!
{
	archiveVersion = 1;
	classes = {
	};
	objectVersion = 56;
	objects = {

/* Begin PBXBuildFile section */
		A21CEDF32AEEEC2A00837A7E /* iExpenseTCAApp.swift in Sources */ = {isa = PBXBuildFile; fileRef = A21CEDF22AEEEC2A00837A7E /* iExpenseTCAApp.swift */; };
		A21CEDF52AEEEC2A00837A7E /* ContentView.swift in Sources */ = {isa = PBXBuildFile; fileRef = A21CEDF42AEEEC2A00837A7E /* ContentView.swift */; };
		A21CEDF72AEEEC2B00837A7E /* Assets.xcassets in Resources */ = {isa = PBXBuildFile; fileRef = A21CEDF62AEEEC2B00837A7E /* Assets.xcassets */; };
		A21CEDFA2AEEEC2B00837A7E /* Preview Assets.xcassets in Resources */ = {isa = PBXBuildFile; fileRef = A21CEDF92AEEEC2B00837A7E /* Preview Assets.xcassets */; };
		A21CEE022AEEED6400837A7E /* ComposableArchitecture in Frameworks */ = {isa = PBXBuildFile; productRef = A21CEE012AEEED6400837A7E /* ComposableArchitecture */; };
		A21CEE042AEEF54500837A7E /* ExpenseItem.swift in Sources */ = {isa = PBXBuildFile; fileRef = A21CEE032AEEF54500837A7E /* ExpenseItem.swift */; };
		A21CEE062AEEF5F800837A7E /* AddExpenseView.swift in Sources */ = {isa = PBXBuildFile; fileRef = A21CEE052AEEF5F800837A7E /* AddExpenseView.swift */; };
		A21CEE082AEEFAEC00837A7E /* ExpensesListView.swift in Sources */ = {isa = PBXBuildFile; fileRef = A21CEE072AEEFAEC00837A7E /* ExpensesListView.swift */; };
/* End PBXBuildFile section */

/* Begin PBXFileReference section */
		A21CEDEF2AEEEC2A00837A7E /* iExpenseTCA.app */ = {isa = PBXFileReference; explicitFileType = wrapper.application; includeInIndex = 0; path = iExpenseTCA.app; sourceTree = BUILT_PRODUCTS_DIR; };
		A21CEDF22AEEEC2A00837A7E /* iExpenseTCAApp.swift */ = {isa = PBXFileReference; lastKnownFileType = sourcecode.swift; path = iExpenseTCAApp.swift; sourceTree = "<group>"; };
		A21CEDF42AEEEC2A00837A7E /* ContentView.swift */ = {isa = PBXFileReference; lastKnownFileType = sourcecode.swift; path = ContentView.swift; sourceTree = "<group>"; };
		A21CEDF62AEEEC2B00837A7E /* Assets.xcassets */ = {isa = PBXFileReference; lastKnownFileType = folder.assetcatalog; path = Assets.xcassets; sourceTree = "<group>"; };
		A21CEDF92AEEEC2B00837A7E /* Preview Assets.xcassets */ = {isa = PBXFileReference; lastKnownFileType = folder.assetcatalog; path = "Preview Assets.xcassets"; sourceTree = "<group>"; };
		A21CEE032AEEF54500837A7E /* ExpenseItem.swift */ = {isa = PBXFileReference; lastKnownFileType = sourcecode.swift; path = ExpenseItem.swift; sourceTree = "<group>"; };
		A21CEE052AEEF5F800837A7E /* AddExpenseView.swift */ = {isa = PBXFileReference; lastKnownFileType = sourcecode.swift; path = AddExpenseView.swift; sourceTree = "<group>"; };
		A21CEE072AEEFAEC00837A7E /* ExpensesListView.swift */ = {isa = PBXFileReference; lastKnownFileType = sourcecode.swift; path = ExpensesListView.swift; sourceTree = "<group>"; };
/* End PBXFileReference section */

/* Begin PBXFrameworksBuildPhase section */
		A21CEDEC2AEEEC2A00837A7E /* Frameworks */ = {
			isa = PBXFrameworksBuildPhase;
			buildActionMask = 2147483647;
			files = (
				A21CEE022AEEED6400837A7E /* ComposableArchitecture in Frameworks */,
			);
			runOnlyForDeploymentPostprocessing = 0;
		};
/* End PBXFrameworksBuildPhase section */

/* Begin PBXGroup section */
		A21CEDE62AEEEC2A00837A7E = {
			isa = PBXGroup;
			children = (
				A21CEDF12AEEEC2A00837A7E /* iExpenseTCA */,
				A21CEDF02AEEEC2A00837A7E /* Products */,
			);
			sourceTree = "<group>";
		};
		A21CEDF02AEEEC2A00837A7E /* Products */ = {
			isa = PBXGroup;
			children = (
				A21CEDEF2AEEEC2A00837A7E /* iExpenseTCA.app */,
			);
			name = Products;
			sourceTree = "<group>";
		};
		A21CEDF12AEEEC2A00837A7E /* iExpenseTCA */ = {
			isa = PBXGroup;
			children = (
				A21CEDF22AEEEC2A00837A7E /* iExpenseTCAApp.swift */,
				A21CEDF42AEEEC2A00837A7E /* ContentView.swift */,
				A21CEE032AEEF54500837A7E /* ExpenseItem.swift */,
				A21CEE052AEEF5F800837A7E /* AddExpenseView.swift */,
				A21CEE072AEEFAEC00837A7E /* ExpensesListView.swift */,
				A21CEDF62AEEEC2B00837A7E /* Assets.xcassets */,
				A21CEDF82AEEEC2B00837A7E /* Preview Content */,
			);
			path = iExpenseTCA;
			sourceTree = "<group>";
		};
		A21CEDF82AEEEC2B00837A7E /* Preview Content */ = {
			isa = PBXGroup;
			children = (
				A21CEDF92AEEEC2B00837A7E /* Preview Assets.xcassets */,
			);
			path = "Preview Content";
			sourceTree = "<group>";
		};
/* End PBXGroup section */

/* Begin PBXNativeTarget section */
		A21CEDEE2AEEEC2A00837A7E /* iExpenseTCA */ = {
			isa = PBXNativeTarget;
			buildConfigurationList = A21CEDFD2AEEEC2B00837A7E /* Build configuration list for PBXNativeTarget "iExpenseTCA" */;
			buildPhases = (
				A21CEDEB2AEEEC2A00837A7E /* Sources */,
				A21CEDEC2AEEEC2A00837A7E /* Frameworks */,
				A21CEDED2AEEEC2A00837A7E /* Resources */,
			);
			buildRules = (
			);
			dependencies = (
			);
			name = iExpenseTCA;
			packageProductDependencies = (
				A21CEE012AEEED6400837A7E /* ComposableArchitecture */,
			);
			productName = iExpenseTCA;
			productReference = A21CEDEF2AEEEC2A00837A7E /* iExpenseTCA.app */;
			productType = "com.apple.product-type.application";
		};
/* End PBXNativeTarget section */

/* Begin PBXProject section */
		A21CEDE72AEEEC2A00837A7E /* Project object */ = {
			isa = PBXProject;
			attributes = {
				BuildIndependentTargetsInParallel = 1;
				LastSwiftUpdateCheck = 1500;
				LastUpgradeCheck = 1500;
				TargetAttributes = {
					A21CEDEE2AEEEC2A00837A7E = {
						CreatedOnToolsVersion = 15.0.1;
					};
				};
			};
			buildConfigurationList = A21CEDEA2AEEEC2A00837A7E /* Build configuration list for PBXProject "iExpenseTCA" */;
			compatibilityVersion = "Xcode 14.0";
			developmentRegion = en;
			hasScannedForEncodings = 0;
			knownRegions = (
				en,
				Base,
			);
			mainGroup = A21CEDE62AEEEC2A00837A7E;
			packageReferences = (
				A21CEE002AEEED6300837A7E /* XCRemoteSwiftPackageReference "swift-composable-architecture" */,
			);
			productRefGroup = A21CEDF02AEEEC2A00837A7E /* Products */;
			projectDirPath = "";
			projectRoot = "";
			targets = (
				A21CEDEE2AEEEC2A00837A7E /* iExpenseTCA */,
			);
		};
/* End PBXProject section */

/* Begin PBXResourcesBuildPhase section */
		A21CEDED2AEEEC2A00837A7E /* Resources */ = {
			isa = PBXResourcesBuildPhase;
			buildActionMask = 2147483647;
			files = (
				A21CEDFA2AEEEC2B00837A7E /* Preview Assets.xcassets in Resources */,
				A21CEDF72AEEEC2B00837A7E /* Assets.xcassets in Resources */,
			);
			runOnlyForDeploymentPostprocessing = 0;
		};
/* End PBXResourcesBuildPhase section */

/* Begin PBXSourcesBuildPhase section */
		A21CEDEB2AEEEC2A00837A7E /* Sources */ = {
			isa = PBXSourcesBuildPhase;
			buildActionMask = 2147483647;
			files = (
				A21CEE062AEEF5F800837A7E /* AddExpenseView.swift in Sources */,
				A21CEDF52AEEEC2A00837A7E /* ContentView.swift in Sources */,
				A21CEE042AEEF54500837A7E /* ExpenseItem.swift in Sources */,
				A21CEDF32AEEEC2A00837A7E /* iExpenseTCAApp.swift in Sources */,
				A21CEE082AEEFAEC00837A7E /* ExpensesListView.swift in Sources */,
			);
			runOnlyForDeploymentPostprocessing = 0;
		};
/* End PBXSourcesBuildPhase section */

/* Begin XCBuildConfiguration section */
		A21CEDFB2AEEEC2B00837A7E /* Debug */ = {
			isa = XCBuildConfiguration;
			buildSettings = {
				ALWAYS_SEARCH_USER_PATHS = NO;
				ASSETCATALOG_COMPILER_GENERATE_SWIFT_ASSET_SYMBOL_EXTENSIONS = YES;
				CLANG_ANALYZER_NONNULL = YES;
				CLANG_ANALYZER_NUMBER_OBJECT_CONVERSION = YES_AGGRESSIVE;
				CLANG_CXX_LANGUAGE_STANDARD = "gnu++20";
				CLANG_ENABLE_MODULES = YES;
				CLANG_ENABLE_OBJC_ARC = YES;
				CLANG_ENABLE_OBJC_WEAK = YES;
				CLANG_WARN_BLOCK_CAPTURE_AUTORELEASING = YES;
				CLANG_WARN_BOOL_CONVERSION = YES;
				CLANG_WARN_COMMA = YES;
				CLANG_WARN_CONSTANT_CONVERSION = YES;
				CLANG_WARN_DEPRECATED_OBJC_IMPLEMENTATIONS = YES;
				CLANG_WARN_DIRECT_OBJC_ISA_USAGE = YES_ERROR;
				CLANG_WARN_DOCUMENTATION_COMMENTS = YES;
				CLANG_WARN_EMPTY_BODY = YES;
				CLANG_WARN_ENUM_CONVERSION = YES;
				CLANG_WARN_INFINITE_RECURSION = YES;
				CLANG_WARN_INT_CONVERSION = YES;
				CLANG_WARN_NON_LITERAL_NULL_CONVERSION = YES;
				CLANG_WARN_OBJC_IMPLICIT_RETAIN_SELF = YES;
				CLANG_WARN_OBJC_LITERAL_CONVERSION = YES;
				CLANG_WARN_OBJC_ROOT_CLASS = YES_ERROR;
				CLANG_WARN_QUOTED_INCLUDE_IN_FRAMEWORK_HEADER = YES;
				CLANG_WARN_RANGE_LOOP_ANALYSIS = YES;
				CLANG_WARN_STRICT_PROTOTYPES = YES;
				CLANG_WARN_SUSPICIOUS_MOVE = YES;
				CLANG_WARN_UNGUARDED_AVAILABILITY = YES_AGGRESSIVE;
				CLANG_WARN_UNREACHABLE_CODE = YES;
				CLANG_WARN__DUPLICATE_METHOD_MATCH = YES;
				COPY_PHASE_STRIP = NO;
				DEBUG_INFORMATION_FORMAT = dwarf;
				ENABLE_STRICT_OBJC_MSGSEND = YES;
				ENABLE_TESTABILITY = YES;
				ENABLE_USER_SCRIPT_SANDBOXING = YES;
				GCC_C_LANGUAGE_STANDARD = gnu17;
				GCC_DYNAMIC_NO_PIC = NO;
				GCC_NO_COMMON_BLOCKS = YES;
				GCC_OPTIMIZATION_LEVEL = 0;
				GCC_PREPROCESSOR_DEFINITIONS = (
					"DEBUG=1",
					"$(inherited)",
				);
				GCC_WARN_64_TO_32_BIT_CONVERSION = YES;
				GCC_WARN_ABOUT_RETURN_TYPE = YES_ERROR;
				GCC_WARN_UNDECLARED_SELECTOR = YES;
				GCC_WARN_UNINITIALIZED_AUTOS = YES_AGGRESSIVE;
				GCC_WARN_UNUSED_FUNCTION = YES;
				GCC_WARN_UNUSED_VARIABLE = YES;
				IPHONEOS_DEPLOYMENT_TARGET = 17.0;
				LOCALIZATION_PREFERS_STRING_CATALOGS = YES;
				MTL_ENABLE_DEBUG_INFO = INCLUDE_SOURCE;
				MTL_FAST_MATH = YES;
				ONLY_ACTIVE_ARCH = YES;
				SDKROOT = iphoneos;
				SWIFT_ACTIVE_COMPILATION_CONDITIONS = "DEBUG $(inherited)";
				SWIFT_OPTIMIZATION_LEVEL = "-Onone";
			};
			name = Debug;
		};
		A21CEDFC2AEEEC2B00837A7E /* Release */ = {
			isa = XCBuildConfiguration;
			buildSettings = {
				ALWAYS_SEARCH_USER_PATHS = NO;
				ASSETCATALOG_COMPILER_GENERATE_SWIFT_ASSET_SYMBOL_EXTENSIONS = YES;
				CLANG_ANALYZER_NONNULL = YES;
				CLANG_ANALYZER_NUMBER_OBJECT_CONVERSION = YES_AGGRESSIVE;
				CLANG_CXX_LANGUAGE_STANDARD = "gnu++20";
				CLANG_ENABLE_MODULES = YES;
				CLANG_ENABLE_OBJC_ARC = YES;
				CLANG_ENABLE_OBJC_WEAK = YES;
				CLANG_WARN_BLOCK_CAPTURE_AUTORELEASING = YES;
				CLANG_WARN_BOOL_CONVERSION = YES;
				CLANG_WARN_COMMA = YES;
				CLANG_WARN_CONSTANT_CONVERSION = YES;
				CLANG_WARN_DEPRECATED_OBJC_IMPLEMENTATIONS = YES;
				CLANG_WARN_DIRECT_OBJC_ISA_USAGE = YES_ERROR;
				CLANG_WARN_DOCUMENTATION_COMMENTS = YES;
				CLANG_WARN_EMPTY_BODY = YES;
				CLANG_WARN_ENUM_CONVERSION = YES;
				CLANG_WARN_INFINITE_RECURSION = YES;
				CLANG_WARN_INT_CONVERSION = YES;
				CLANG_WARN_NON_LITERAL_NULL_CONVERSION = YES;
				CLANG_WARN_OBJC_IMPLICIT_RETAIN_SELF = YES;
				CLANG_WARN_OBJC_LITERAL_CONVERSION = YES;
				CLANG_WARN_OBJC_ROOT_CLASS = YES_ERROR;
				CLANG_WARN_QUOTED_INCLUDE_IN_FRAMEWORK_HEADER = YES;
				CLANG_WARN_RANGE_LOOP_ANALYSIS = YES;
				CLANG_WARN_STRICT_PROTOTYPES = YES;
				CLANG_WARN_SUSPICIOUS_MOVE = YES;
				CLANG_WARN_UNGUARDED_AVAILABILITY = YES_AGGRESSIVE;
				CLANG_WARN_UNREACHABLE_CODE = YES;
				CLANG_WARN__DUPLICATE_METHOD_MATCH = YES;
				COPY_PHASE_STRIP = NO;
				DEBUG_INFORMATION_FORMAT = "dwarf-with-dsym";
				ENABLE_NS_ASSERTIONS = NO;
				ENABLE_STRICT_OBJC_MSGSEND = YES;
				ENABLE_USER_SCRIPT_SANDBOXING = YES;
				GCC_C_LANGUAGE_STANDARD = gnu17;
				GCC_NO_COMMON_BLOCKS = YES;
				GCC_WARN_64_TO_32_BIT_CONVERSION = YES;
				GCC_WARN_ABOUT_RETURN_TYPE = YES_ERROR;
				GCC_WARN_UNDECLARED_SELECTOR = YES;
				GCC_WARN_UNINITIALIZED_AUTOS = YES_AGGRESSIVE;
				GCC_WARN_UNUSED_FUNCTION = YES;
				GCC_WARN_UNUSED_VARIABLE = YES;
				IPHONEOS_DEPLOYMENT_TARGET = 17.0;
				LOCALIZATION_PREFERS_STRING_CATALOGS = YES;
				MTL_ENABLE_DEBUG_INFO = NO;
				MTL_FAST_MATH = YES;
				SDKROOT = iphoneos;
				SWIFT_COMPILATION_MODE = wholemodule;
				VALIDATE_PRODUCT = YES;
			};
			name = Release;
		};
		A21CEDFE2AEEEC2B00837A7E /* Debug */ = {
			isa = XCBuildConfiguration;
			buildSettings = {
				ASSETCATALOG_COMPILER_APPICON_NAME = AppIcon;
				ASSETCATALOG_COMPILER_GLOBAL_ACCENT_COLOR_NAME = AccentColor;
				CODE_SIGN_STYLE = Automatic;
				CURRENT_PROJECT_VERSION = 1;
				DEVELOPMENT_ASSET_PATHS = "\"iExpenseTCA/Preview Content\"";
				DEVELOPMENT_TEAM = 5B8WS3LB9R;
				ENABLE_PREVIEWS = YES;
				GENERATE_INFOPLIST_FILE = YES;
				INFOPLIST_KEY_UIApplicationSceneManifest_Generation = YES;
				INFOPLIST_KEY_UIApplicationSupportsIndirectInputEvents = YES;
				INFOPLIST_KEY_UILaunchScreen_Generation = YES;
				INFOPLIST_KEY_UISupportedInterfaceOrientations_iPad = "UIInterfaceOrientationPortrait UIInterfaceOrientationPortraitUpsideDown UIInterfaceOrientationLandscapeLeft UIInterfaceOrientationLandscapeRight";
				INFOPLIST_KEY_UISupportedInterfaceOrientations_iPhone = "UIInterfaceOrientationPortrait UIInterfaceOrientationLandscapeLeft UIInterfaceOrientationLandscapeRight";
				LD_RUNPATH_SEARCH_PATHS = (
					"$(inherited)",
					"@executable_path/Frameworks",
				);
				MARKETING_VERSION = 1.0;
				PRODUCT_BUNDLE_IDENTIFIER = com.mlwelker.iExpenseTCA;
				PRODUCT_NAME = "$(TARGET_NAME)";
				SWIFT_EMIT_LOC_STRINGS = YES;
				SWIFT_VERSION = 5.0;
				TARGETED_DEVICE_FAMILY = "1,2";
			};
			name = Debug;
		};
		A21CEDFF2AEEEC2B00837A7E /* Release */ = {
			isa = XCBuildConfiguration;
			buildSettings = {
				ASSETCATALOG_COMPILER_APPICON_NAME = AppIcon;
				ASSETCATALOG_COMPILER_GLOBAL_ACCENT_COLOR_NAME = AccentColor;
				CODE_SIGN_STYLE = Automatic;
				CURRENT_PROJECT_VERSION = 1;
				DEVELOPMENT_ASSET_PATHS = "\"iExpenseTCA/Preview Content\"";
				DEVELOPMENT_TEAM = 5B8WS3LB9R;
				ENABLE_PREVIEWS = YES;
				GENERATE_INFOPLIST_FILE = YES;
				INFOPLIST_KEY_UIApplicationSceneManifest_Generation = YES;
				INFOPLIST_KEY_UIApplicationSupportsIndirectInputEvents = YES;
				INFOPLIST_KEY_UILaunchScreen_Generation = YES;
				INFOPLIST_KEY_UISupportedInterfaceOrientations_iPad = "UIInterfaceOrientationPortrait UIInterfaceOrientationPortraitUpsideDown UIInterfaceOrientationLandscapeLeft UIInterfaceOrientationLandscapeRight";
				INFOPLIST_KEY_UISupportedInterfaceOrientations_iPhone = "UIInterfaceOrientationPortrait UIInterfaceOrientationLandscapeLeft UIInterfaceOrientationLandscapeRight";
				LD_RUNPATH_SEARCH_PATHS = (
					"$(inherited)",
					"@executable_path/Frameworks",
				);
				MARKETING_VERSION = 1.0;
				PRODUCT_BUNDLE_IDENTIFIER = com.mlwelker.iExpenseTCA;
				PRODUCT_NAME = "$(TARGET_NAME)";
				SWIFT_EMIT_LOC_STRINGS = YES;
				SWIFT_VERSION = 5.0;
				TARGETED_DEVICE_FAMILY = "1,2";
			};
			name = Release;
		};
/* End XCBuildConfiguration section */

/* Begin XCConfigurationList section */
		A21CEDEA2AEEEC2A00837A7E /* Build configuration list for PBXProject "iExpenseTCA" */ = {
			isa = XCConfigurationList;
			buildConfigurations = (
				A21CEDFB2AEEEC2B00837A7E /* Debug */,
				A21CEDFC2AEEEC2B00837A7E /* Release */,
			);
			defaultConfigurationIsVisible = 0;
			defaultConfigurationName = Release;
		};
		A21CEDFD2AEEEC2B00837A7E /* Build configuration list for PBXNativeTarget "iExpenseTCA" */ = {
			isa = XCConfigurationList;
			buildConfigurations = (
				A21CEDFE2AEEEC2B00837A7E /* Debug */,
				A21CEDFF2AEEEC2B00837A7E /* Release */,
			);
			defaultConfigurationIsVisible = 0;
			defaultConfigurationName = Release;
		};
/* End XCConfigurationList section */

/* Begin XCRemoteSwiftPackageReference section */
		A21CEE002AEEED6300837A7E /* XCRemoteSwiftPackageReference "swift-composable-architecture" */ = {
			isa = XCRemoteSwiftPackageReference;
			repositoryURL = "https://github.com/pointfreeco/swift-composable-architecture.git";
			requirement = {
				kind = upToNextMajorVersion;
				minimumVersion = 1.3.0;
			};
		};
/* End XCRemoteSwiftPackageReference section */

/* Begin XCSwiftPackageProductDependency section */
		A21CEE012AEEED6400837A7E /* ComposableArchitecture */ = {
			isa = XCSwiftPackageProductDependency;
			package = A21CEE002AEEED6300837A7E /* XCRemoteSwiftPackageReference "swift-composable-architecture" */;
			productName = ComposableArchitecture;
		};
/* End XCSwiftPackageProductDependency section */
	};
	rootObject = A21CEDE72AEEEC2A00837A7E /* Project object */;
}
